PODS:
  - HockeySDK/CrashOnlyLib (4.1.6)
  - MobileViews (0.0.1):
    - ViewModels
    - XCEArrayExt
    - XCEPipeline
  - MobileViews/MobileViewsTests (0.0.1):
    - ViewModels
    - XCEArrayExt
    - XCEPipeline
  - Models (0.0.1):
    - Services
    - XCEArrayExt
    - XCEPipeline
  - Models/ModelsTests (0.0.1):
    - Services
    - XCEArrayExt
    - XCEPipeline
  - Reveal-SDK (13)
  - Services (0.0.1):
    - XCEArrayExt
    - XCEPipeline
  - Services/ServicesTests (0.0.1):
    - XCEArrayExt
    - XCEPipeline
  - SwiftLint (0.31.0)
  - ViewModels (0.0.1):
    - Models
    - XCEArrayExt
    - XCEPipeline
  - ViewModels/ViewModelsTests (0.0.1):
    - Models
    - XCEArrayExt
    - XCEPipeline
  - XCEArrayExt (1.1.3)
  - XCEPipeline (1.2.0):
    - XCEPipeline/Core (= 1.2.0)
    - XCEPipeline/Operators (= 1.2.0)
  - XCEPipeline/Core (1.2.0)
  - XCEPipeline/Operators (1.2.0):
    - XCEPipeline/Core

DEPENDENCIES:
  - HockeySDK/CrashOnlyLib (~> 4.1.0)
  - MobileViews (from `./`)
  - MobileViews/MobileViewsTests (from `./`)
  - Models (from `./`)
  - Models/ModelsTests (from `./`)
  - Reveal-SDK (= 13)
  - Services (from `./`)
  - Services/ServicesTests (from `./`)
  - SwiftLint
  - ViewModels (from `./`)
  - ViewModels/ViewModelsTests (from `./`)

SPEC REPOS:
  https://github.com/CocoaPods/Specs.git:
    - HockeySDK
    - Reveal-SDK
    - SwiftLint
    - XCEArrayExt
    - XCEPipeline

EXTERNAL SOURCES:
  MobileViews:
    :path: "./"
  Models:
    :path: "./"
  Services:
    :path: "./"
  ViewModels:
    :path: "./"

SPEC CHECKSUMS:
  HockeySDK: 95db557d54489a570dcdefae0d02f98eecc279a3
  MobileViews: f6bece8bea2a8adf90860532179fcadb9f22fc5b
  Models: 9c9f8eb3286b126f2c688acb9fe78873a076466f
  Reveal-SDK: ccc2b0f8014965ea448b7534a7c2c8da232b75e8
  Services: 35a1fe552490f60d5b7e3753e708feccdb3b96ca
  SwiftLint: 7a0227733d786395817373b2d0ca799fd0093ff3
  ViewModels: e994bf1750742ecaa9d72d403fe24b4c66738c8b
  XCEArrayExt: 881c487e660a23a770b67913776ecac31c12fbe6
  XCEPipeline: a7c5582e69bc214c4a7aaff851ec4a5412c4954d

PODFILE CHECKSUM: 790e4af6a8045684c1a5623d6c40ff30e2c56cb1

COCOAPODS: 1.9.3
