PODS:
  - HockeySDK/CrashOnlyLib (4.1.6)
  - MobileViews (0.0.1):
    - ViewModels
    - XCEArrayExt
    - XCEPipeline
  - MobileViews/MobileViewsTests (0.0.1):
    - ViewModels
    - XCEArrayExt
    - XCEPipeline
  - Models (0.0.1):
    - Services
    - XCEArrayExt
    - XCEPipeline
  - Models/ModelsTests (0.0.1):
    - Services
    - XCEArrayExt
    - XCEPipeline
  - Reveal-SDK (13)
  - Services (0.0.1):
    - XCEArrayExt
    - XCEPipeline
  - Services/ServicesTests (0.0.1):
    - XCEArrayExt
    - XCEPipeline
  - SwiftLint (0.31.0)
  - ViewModels (0.0.1):
    - Models
    - XCEArrayExt
    - XCEPipeline
  - ViewModels/ViewModelsTests (0.0.1):
    - Models
    - XCEArrayExt
    - XCEPipeline
  - XCEArrayExt (1.1.3)
  - XCEPipeline (1.2.0):
    - XCEPipeline/Core (= 1.2.0)
    - XCEPipeline/Operators (= 1.2.0)
  - XCEPipeline/Core (1.2.0)
  - XCEPipeline/Operators (1.2.0):
    - XCEPipeline/Core

DEPENDENCIES:
  - HockeySDK/CrashOnlyLib (~> 4.1.0)
  - MobileViews (from `./`)
  - MobileViews/MobileViewsTests (from `./`)
  - Models (from `./`)
  - Models/ModelsTests (from `./`)
  - Reveal-SDK (= 13)
  - Services (from `./`)
  - Services/ServicesTests (from `./`)
  - SwiftLint
  - ViewModels (from `./`)
  - ViewModels/ViewModelsTests (from `./`)

SPEC REPOS:
  https://github.com/CocoaPods/Specs.git:
    - HockeySDK
    - Reveal-SDK
    - SwiftLint
    - XCEArrayExt
    - XCEPipeline

EXTERNAL SOURCES:
  MobileViews:
    :path: "./"
  Models:
    :path: "./"
  Services:
    :path: "./"
  ViewModels:
    :path: "./"

SPEC CHECKSUMS:
  HockeySDK: 95db557d54489a570dcdefae0d02f98eecc279a3
  MobileViews: 0a8755e29dd689a8dea6c601592b51c0911fb888
  Models: 5604328d75a8a8bb9b8e6c3abac3e63339f051ae
  Reveal-SDK: ccc2b0f8014965ea448b7534a7c2c8da232b75e8
  Services: cdbfcd486552870c3b4882fc68496c6e979c541d
  SwiftLint: 7a0227733d786395817373b2d0ca799fd0093ff3
  ViewModels: cc50b3a6181248a53a6352e3cd803b36fecb5821
  XCEArrayExt: 881c487e660a23a770b67913776ecac31c12fbe6
  XCEPipeline: a7c5582e69bc214c4a7aaff851ec4a5412c4954d

PODFILE CHECKSUM: ae4d6ac119410ff4951bcb8be00cac09890c0698

COCOAPODS: 1.9.3
