// !$*UTF8*$!
{
	archiveVersion = 1;
	classes = {
	};
	objectVersion = 50;
	objects = {

/* Begin PBXBuildFile section */
		94226EDD2281E798007E7952 /* LaunchScreen.storyboard in Resources */ = {isa = PBXBuildFile; fileRef = 94226ED82281E798007E7952 /* LaunchScreen.storyboard */; };
		94226EDE2281E798007E7952 /* Main.storyboard in Resources */ = {isa = PBXBuildFile; fileRef = 94226EDA2281E798007E7952 /* Main.storyboard */; };
		94226EDF2281E798007E7952 /* AppTemplateMobile.xcassets in Resources */ = {isa = PBXBuildFile; fileRef = 94226EDC2281E798007E7952 /* AppTemplateMobile.xcassets */; };
		94226EF32281E7DC007E7952 /* AppTemplateMobile.swift in Sources */ = {isa = PBXBuildFile; fileRef = 94226EF12281E7DC007E7952 /* AppTemplateMobile.swift */; };
		9F70EA46B2BA97DF10CACB8F /* Pods_AppTemplateMobile.framework in Frameworks */ = {isa = PBXBuildFile; fileRef = 3DB991CA961D68CCDF9FC2CB /* Pods_AppTemplateMobile.framework */; };
/* End PBXBuildFile section */

/* Begin PBXFileReference section */
		04903DA914E20C90A1644481 /* Pods-AppTemplateMobile.debug.xcconfig */ = {isa = PBXFileReference; includeInIndex = 1; lastKnownFileType = text.xcconfig; name = "Pods-AppTemplateMobile.debug.xcconfig"; path = "Target Support Files/Pods-AppTemplateMobile/Pods-AppTemplateMobile.debug.xcconfig"; sourceTree = "<group>"; };
		2BCC4B1FCEC88AE7DB419A2D /* Pods-AppTemplateMobile.release.xcconfig */ = {isa = PBXFileReference; includeInIndex = 1; lastKnownFileType = text.xcconfig; name = "Pods-AppTemplateMobile.release.xcconfig"; path = "Target Support Files/Pods-AppTemplateMobile/Pods-AppTemplateMobile.release.xcconfig"; sourceTree = "<group>"; };
		3DB991CA961D68CCDF9FC2CB /* Pods_AppTemplateMobile.framework */ = {isa = PBXFileReference; explicitFileType = wrapper.framework; includeInIndex = 0; path = Pods_AppTemplateMobile.framework; sourceTree = BUILT_PRODUCTS_DIR; };
		94226EBD2281E254007E7952 /* AppTemplateMobile.app */ = {isa = PBXFileReference; explicitFileType = wrapper.application; includeInIndex = 0; path = AppTemplateMobile.app; sourceTree = BUILT_PRODUCTS_DIR; };
		94226ED92281E798007E7952 /* Base */ = {isa = PBXFileReference; lastKnownFileType = file.storyboard; name = Base; path = Base.lproj/LaunchScreen.storyboard; sourceTree = "<group>"; };
		94226EDB2281E798007E7952 /* Base */ = {isa = PBXFileReference; lastKnownFileType = file.storyboard; name = Base; path = Base.lproj/Main.storyboard; sourceTree = "<group>"; };
		94226EDC2281E798007E7952 /* AppTemplateMobile.xcassets */ = {isa = PBXFileReference; lastKnownFileType = folder.assetcatalog; path = AppTemplateMobile.xcassets; sourceTree = "<group>"; };
		94226EF12281E7DC007E7952 /* AppTemplateMobile.swift */ = {isa = PBXFileReference; fileEncoding = 4; lastKnownFileType = sourcecode.swift; path = AppTemplateMobile.swift; sourceTree = "<group>"; };
/* End PBXFileReference section */

/* Begin PBXFrameworksBuildPhase section */
		94226EBA2281E254007E7952 /* Frameworks */ = {
			isa = PBXFrameworksBuildPhase;
			buildActionMask = 2147483647;
			files = (
				9F70EA46B2BA97DF10CACB8F /* Pods_AppTemplateMobile.framework in Frameworks */,
			);
			runOnlyForDeploymentPostprocessing = 0;
		};
/* End PBXFrameworksBuildPhase section */

/* Begin PBXGroup section */
		1D467E72FF21936F0E867865 /* Frameworks */ = {
			isa = PBXGroup;
			children = (
				3DB991CA961D68CCDF9FC2CB /* Pods_AppTemplateMobile.framework */,
			);
			name = Frameworks;
			sourceTree = "<group>";
		};
		94226EB22281E0FE007E7952 = {
			isa = PBXGroup;
			children = (
				1D467E72FF21936F0E867865 /* Frameworks */,
				A34A747514F951963EB342EC /* Pods */,
				94226EBE2281E254007E7952 /* Products */,
				94226ED02281E78D007E7952 /* Resources */,
				94226EE02281E7BF007E7952 /* Sources */,
			);
			sourceTree = "<group>";
		};
		94226EBE2281E254007E7952 /* Products */ = {
			isa = PBXGroup;
			children = (
				94226EBD2281E254007E7952 /* AppTemplateMobile.app */,
			);
			name = Products;
			sourceTree = "<group>";
		};
		94226ED02281E78D007E7952 /* Resources */ = {
			isa = PBXGroup;
			children = (
				94226ED72281E798007E7952 /* AppTemplateMobile */,
			);
			path = Resources;
			sourceTree = "<group>";
		};
		94226ED72281E798007E7952 /* AppTemplateMobile */ = {
			isa = PBXGroup;
			children = (
				94226EDC2281E798007E7952 /* AppTemplateMobile.xcassets */,
				94226ED82281E798007E7952 /* LaunchScreen.storyboard */,
				94226EDA2281E798007E7952 /* Main.storyboard */,
			);
			path = AppTemplateMobile;
			sourceTree = "<group>";
		};
		94226EE02281E7BF007E7952 /* Sources */ = {
			isa = PBXGroup;
			children = (
				94226EF02281E7DC007E7952 /* AppTemplateMobile */,
			);
			path = Sources;
			sourceTree = "<group>";
		};
		94226EF02281E7DC007E7952 /* AppTemplateMobile */ = {
			isa = PBXGroup;
			children = (
				94226EF12281E7DC007E7952 /* AppTemplateMobile.swift */,
			);
			path = AppTemplateMobile;
			sourceTree = "<group>";
		};
		A34A747514F951963EB342EC /* Pods */ = {
			isa = PBXGroup;
			children = (
				04903DA914E20C90A1644481 /* Pods-AppTemplateMobile.debug.xcconfig */,
				2BCC4B1FCEC88AE7DB419A2D /* Pods-AppTemplateMobile.release.xcconfig */,
			);
			name = Pods;
			path = Pods;
			sourceTree = "<group>";
		};
/* End PBXGroup section */

/* Begin PBXNativeTarget section */
		94226EBC2281E254007E7952 /* AppTemplateMobile */ = {
			isa = PBXNativeTarget;
			buildConfigurationList = 94226ECF2281E256007E7952 /* Build configuration list for PBXNativeTarget "AppTemplateMobile" */;
			buildPhases = (
				BF74991E944C1FFE5C201390 /* SwiftLint */,
				BC5347719ABD33E6A3AF5FB1 /* [CP] Check Pods Manifest.lock */,
				94226EB92281E254007E7952 /* Sources */,
				94226EBA2281E254007E7952 /* Frameworks */,
				94226EBB2281E254007E7952 /* Resources */,
				B5C3528B0513708CBC5BFF31 /* [CP] Embed Pods Frameworks */,
				ECDF1B592B3CA27E3EFFF0AA /* [CP] Copy Pods Resources */,
			);
			buildRules = (
			);
			dependencies = (
			);
			name = AppTemplateMobile;
			productName = AppTemplateMobile;
			productReference = 94226EBD2281E254007E7952 /* AppTemplateMobile.app */;
			productType = "com.apple.product-type.application";
		};
/* End PBXNativeTarget section */

/* Begin PBXProject section */
		94226EB32281E0FE007E7952 /* Project object */ = {
			isa = PBXProject;
			attributes = {
				LastSwiftUpdateCheck = 1010;
				LastUpgradeCheck = 1010;
				TargetAttributes = {
					94226EBC2281E254007E7952 = {
						CreatedOnToolsVersion = 10.1;
					};
				};
			};
			buildConfigurationList = 94226EB62281E0FE007E7952 /* Build configuration list for PBXProject "AppTemplate" */;
			compatibilityVersion = "Xcode 9.3";
			developmentRegion = en;
			hasScannedForEncodings = 0;
			knownRegions = (
				en,
				Base,
			);
			mainGroup = 94226EB22281E0FE007E7952;
			productRefGroup = 94226EBE2281E254007E7952 /* Products */;
			projectDirPath = "";
			projectRoot = "";
			targets = (
				94226EBC2281E254007E7952 /* AppTemplateMobile */,
			);
		};
/* End PBXProject section */

/* Begin PBXResourcesBuildPhase section */
		94226EBB2281E254007E7952 /* Resources */ = {
			isa = PBXResourcesBuildPhase;
			buildActionMask = 2147483647;
			files = (
				94226EDF2281E798007E7952 /* AppTemplateMobile.xcassets in Resources */,
				94226EDD2281E798007E7952 /* LaunchScreen.storyboard in Resources */,
				94226EDE2281E798007E7952 /* Main.storyboard in Resources */,
			);
			runOnlyForDeploymentPostprocessing = 0;
		};
/* End PBXResourcesBuildPhase section */

/* Begin PBXShellScriptBuildPhase section */
		B5C3528B0513708CBC5BFF31 /* [CP] Embed Pods Frameworks */ = {
			isa = PBXShellScriptBuildPhase;
			buildActionMask = 2147483647;
			files = (
			);
			inputFileListPaths = (
				"${PODS_ROOT}/Target Support Files/Pods-AppTemplateMobile/Pods-AppTemplateMobile-frameworks-${CONFIGURATION}-input-files.xcfilelist",
			);
			name = "[CP] Embed Pods Frameworks";
			outputFileListPaths = (
				"${PODS_ROOT}/Target Support Files/Pods-AppTemplateMobile/Pods-AppTemplateMobile-frameworks-${CONFIGURATION}-output-files.xcfilelist",
			);
			runOnlyForDeploymentPostprocessing = 0;
			shellPath = /bin/sh;
			shellScript = "\"${PODS_ROOT}/Target Support Files/Pods-AppTemplateMobile/Pods-AppTemplateMobile-frameworks.sh\"\n";
			showEnvVarsInLog = 0;
		};
		BC5347719ABD33E6A3AF5FB1 /* [CP] Check Pods Manifest.lock */ = {
			isa = PBXShellScriptBuildPhase;
			buildActionMask = 2147483647;
			files = (
			);
			inputFileListPaths = (
			);
			inputPaths = (
				"${PODS_PODFILE_DIR_PATH}/Podfile.lock",
				"${PODS_ROOT}/Manifest.lock",
			);
			name = "[CP] Check Pods Manifest.lock";
			outputFileListPaths = (
			);
			outputPaths = (
				"$(DERIVED_FILE_DIR)/Pods-AppTemplateMobile-checkManifestLockResult.txt",
			);
			runOnlyForDeploymentPostprocessing = 0;
			shellPath = /bin/sh;
			shellScript = "diff \"${PODS_PODFILE_DIR_PATH}/Podfile.lock\" \"${PODS_ROOT}/Manifest.lock\" > /dev/null\nif [ $? != 0 ] ; then\n    # print error to STDERR\n    echo \"error: The sandbox is not in sync with the Podfile.lock. Run 'pod install' or update your CocoaPods installation.\" >&2\n    exit 1\nfi\n# This output is used by Xcode 'outputs' to avoid re-running this script phase.\necho \"SUCCESS\" > \"${SCRIPT_OUTPUT_FILE_0}\"\n";
			showEnvVarsInLog = 0;
		};
		BF74991E944C1FFE5C201390 /* SwiftLint */ = {
			isa = PBXShellScriptBuildPhase;
			buildActionMask = 2147483647;
			files = (
			);
			inputFileListPaths = (
			);
			inputPaths = (
			);
			name = SwiftLint;
			outputFileListPaths = (
			);
			outputPaths = (
			);
			runOnlyForDeploymentPostprocessing = 0;
			shellPath = /bin/sh;
			shellScript = "\"Pods/SwiftLint/swiftlint\" --path \"${SRCROOT}/Sources/AppTemplateMobile\"";
		};
		ECDF1B592B3CA27E3EFFF0AA /* [CP] Copy Pods Resources */ = {
			isa = PBXShellScriptBuildPhase;
			buildActionMask = 2147483647;
			files = (
			);
			inputFileListPaths = (
				"${PODS_ROOT}/Target Support Files/Pods-AppTemplateMobile/Pods-AppTemplateMobile-resources-${CONFIGURATION}-input-files.xcfilelist",
			);
			name = "[CP] Copy Pods Resources";
			outputFileListPaths = (
				"${PODS_ROOT}/Target Support Files/Pods-AppTemplateMobile/Pods-AppTemplateMobile-resources-${CONFIGURATION}-output-files.xcfilelist",
			);
			runOnlyForDeploymentPostprocessing = 0;
			shellPath = /bin/sh;
			shellScript = "\"${PODS_ROOT}/Target Support Files/Pods-AppTemplateMobile/Pods-AppTemplateMobile-resources.sh\"\n";
			showEnvVarsInLog = 0;
		};
/* End PBXShellScriptBuildPhase section */

/* Begin PBXSourcesBuildPhase section */
		94226EB92281E254007E7952 /* Sources */ = {
			isa = PBXSourcesBuildPhase;
			buildActionMask = 2147483647;
			files = (
				94226EF32281E7DC007E7952 /* AppTemplateMobile.swift in Sources */,
			);
			runOnlyForDeploymentPostprocessing = 0;
		};
/* End PBXSourcesBuildPhase section */

/* Begin PBXVariantGroup section */
		94226ED82281E798007E7952 /* LaunchScreen.storyboard */ = {
			isa = PBXVariantGroup;
			children = (
				94226ED92281E798007E7952 /* Base */,
			);
			name = LaunchScreen.storyboard;
			sourceTree = "<group>";
		};
		94226EDA2281E798007E7952 /* Main.storyboard */ = {
			isa = PBXVariantGroup;
			children = (
				94226EDB2281E798007E7952 /* Base */,
			);
			name = Main.storyboard;
			sourceTree = "<group>";
		};
/* End PBXVariantGroup section */

/* Begin XCBuildConfiguration section */
		94226EB72281E0FE007E7952 /* Debug */ = {
			isa = XCBuildConfiguration;
			buildSettings = {
				ALWAYS_EMBED_SWIFT_STANDARD_LIBRARIES = YES;
				IPHONEOS_DEPLOYMENT_TARGET = 9.0;
				LD_RUNPATH_SEARCH_PATHS = (
					"$(FRAMEWORK_SEARCH_PATHS)",
					"$(BUILT_PRODUCTS_DIR)",
				);
				SWIFT_VERSION = "Setting(key: \"SWIFT_VERSION\", value: \"4.2\")";
				TARGETED_DEVICE_FAMILY = 1;
			};
			name = Debug;
		};
		94226EB82281E0FE007E7952 /* Release */ = {
			isa = XCBuildConfiguration;
			buildSettings = {
				ALWAYS_EMBED_SWIFT_STANDARD_LIBRARIES = YES;
				IPHONEOS_DEPLOYMENT_TARGET = 9.0;
				LD_RUNPATH_SEARCH_PATHS = (
					"$(FRAMEWORK_SEARCH_PATHS)",
					"$(BUILT_PRODUCTS_DIR)",
				);
				SWIFT_VERSION = "Setting(key: \"SWIFT_VERSION\", value: \"4.2\")";
				TARGETED_DEVICE_FAMILY = 1;
			};
			name = Release;
		};
		94226ECD2281E256007E7952 /* Debug */ = {
			isa = XCBuildConfiguration;
			baseConfigurationReference = 04903DA914E20C90A1644481 /* Pods-AppTemplateMobile.debug.xcconfig */;
			buildSettings = {
				ALWAYS_SEARCH_USER_PATHS = NO;
				ASSETCATALOG_COMPILER_APPICON_NAME = AppIcon;
				CLANG_ANALYZER_NONNULL = YES;
				CLANG_ANALYZER_NUMBER_OBJECT_CONVERSION = YES_AGGRESSIVE;
				CLANG_CXX_LANGUAGE_STANDARD = "gnu++14";
				CLANG_CXX_LIBRARY = "libc++";
				CLANG_ENABLE_MODULES = YES;
				CLANG_ENABLE_OBJC_ARC = YES;
				CLANG_ENABLE_OBJC_WEAK = YES;
				CLANG_WARN_BLOCK_CAPTURE_AUTORELEASING = YES;
				CLANG_WARN_BOOL_CONVERSION = YES;
				CLANG_WARN_COMMA = YES;
				CLANG_WARN_CONSTANT_CONVERSION = YES;
				CLANG_WARN_DEPRECATED_OBJC_IMPLEMENTATIONS = YES;
				CLANG_WARN_DIRECT_OBJC_ISA_USAGE = YES_ERROR;
				CLANG_WARN_DOCUMENTATION_COMMENTS = YES;
				CLANG_WARN_EMPTY_BODY = YES;
				CLANG_WARN_ENUM_CONVERSION = YES;
				CLANG_WARN_INFINITE_RECURSION = YES;
				CLANG_WARN_INT_CONVERSION = YES;
				CLANG_WARN_NON_LITERAL_NULL_CONVERSION = YES;
				CLANG_WARN_OBJC_IMPLICIT_RETAIN_SELF = YES;
				CLANG_WARN_OBJC_LITERAL_CONVERSION = YES;
				CLANG_WARN_OBJC_ROOT_CLASS = YES_ERROR;
				CLANG_WARN_RANGE_LOOP_ANALYSIS = YES;
				CLANG_WARN_STRICT_PROTOTYPES = YES;
				CLANG_WARN_SUSPICIOUS_MOVE = YES;
				CLANG_WARN_UNGUARDED_AVAILABILITY = YES_AGGRESSIVE;
				CLANG_WARN_UNREACHABLE_CODE = YES;
				CLANG_WARN__DUPLICATE_METHOD_MATCH = YES;
				CODE_SIGN_IDENTITY = "iPhone Developer";
				CODE_SIGN_STYLE = Manual;
				COPY_PHASE_STRIP = NO;
				DEBUG_INFORMATION_FORMAT = dwarf;
				DEVELOPMENT_TEAM = UJA88X59XP;
				ENABLE_STRICT_OBJC_MSGSEND = YES;
				ENABLE_TESTABILITY = YES;
				GCC_C_LANGUAGE_STANDARD = gnu11;
				GCC_DYNAMIC_NO_PIC = NO;
				GCC_NO_COMMON_BLOCKS = YES;
				GCC_OPTIMIZATION_LEVEL = 0;
				GCC_PREPROCESSOR_DEFINITIONS = (
					"DEBUG=1",
					"$(inherited)",
				);
				GCC_WARN_64_TO_32_BIT_CONVERSION = YES;
				GCC_WARN_ABOUT_RETURN_TYPE = YES_ERROR;
				GCC_WARN_UNDECLARED_SELECTOR = YES;
				GCC_WARN_UNINITIALIZED_AUTOS = YES_AGGRESSIVE;
				GCC_WARN_UNUSED_FUNCTION = YES;
				GCC_WARN_UNUSED_VARIABLE = YES;
				INFOPLIST_FILE = Info/AppTemplateMobile.plist;
				IPHONEOS_DEPLOYMENT_TARGET = 12.1;
				LD_RUNPATH_SEARCH_PATHS = (
					"$(inherited)",
					"@executable_path/Frameworks",
				);
				MTL_ENABLE_DEBUG_INFO = INCLUDE_SOURCE;
				MTL_FAST_MATH = YES;
				ONLY_ACTIVE_ARCH = YES;
				PRODUCT_BUNDLE_IDENTIFIER = khatskevich.maxim.AppTemplateMobile;
				PRODUCT_NAME = AppTemplateAppTemplateMobile;
				PROVISIONING_PROFILE_SPECIFIER = "AppTemplate-Dev";
				SDKROOT = iphoneos;
				SWIFT_ACTIVE_COMPILATION_CONDITIONS = DEBUG;
				SWIFT_OPTIMIZATION_LEVEL = "-Onone";
				SWIFT_VERSION = 4.2;
				TARGETED_DEVICE_FAMILY = 1;
			};
			name = Debug;
		};
		94226ECE2281E256007E7952 /* Release */ = {
			isa = XCBuildConfiguration;
			baseConfigurationReference = 2BCC4B1FCEC88AE7DB419A2D /* Pods-AppTemplateMobile.release.xcconfig */;
			buildSettings = {
				ALWAYS_SEARCH_USER_PATHS = NO;
				ASSETCATALOG_COMPILER_APPICON_NAME = AppIcon;
				CLANG_ANALYZER_NONNULL = YES;
				CLANG_ANALYZER_NUMBER_OBJECT_CONVERSION = YES_AGGRESSIVE;
				CLANG_CXX_LANGUAGE_STANDARD = "gnu++14";
				CLANG_CXX_LIBRARY = "libc++";
				CLANG_ENABLE_MODULES = YES;
				CLANG_ENABLE_OBJC_ARC = YES;
				CLANG_ENABLE_OBJC_WEAK = YES;
				CLANG_WARN_BLOCK_CAPTURE_AUTORELEASING = YES;
				CLANG_WARN_BOOL_CONVERSION = YES;
				CLANG_WARN_COMMA = YES;
				CLANG_WARN_CONSTANT_CONVERSION = YES;
				CLANG_WARN_DEPRECATED_OBJC_IMPLEMENTATIONS = YES;
				CLANG_WARN_DIRECT_OBJC_ISA_USAGE = YES_ERROR;
				CLANG_WARN_DOCUMENTATION_COMMENTS = YES;
				CLANG_WARN_EMPTY_BODY = YES;
				CLANG_WARN_ENUM_CONVERSION = YES;
				CLANG_WARN_INFINITE_RECURSION = YES;
				CLANG_WARN_INT_CONVERSION = YES;
				CLANG_WARN_NON_LITERAL_NULL_CONVERSION = YES;
				CLANG_WARN_OBJC_IMPLICIT_RETAIN_SELF = YES;
				CLANG_WARN_OBJC_LITERAL_CONVERSION = YES;
				CLANG_WARN_OBJC_ROOT_CLASS = YES_ERROR;
				CLANG_WARN_RANGE_LOOP_ANALYSIS = YES;
				CLANG_WARN_STRICT_PROTOTYPES = YES;
				CLANG_WARN_SUSPICIOUS_MOVE = YES;
				CLANG_WARN_UNGUARDED_AVAILABILITY = YES_AGGRESSIVE;
				CLANG_WARN_UNREACHABLE_CODE = YES;
				CLANG_WARN__DUPLICATE_METHOD_MATCH = YES;
				CODE_SIGN_IDENTITY = "iPhone Distribution";
				CODE_SIGN_STYLE = Manual;
				COPY_PHASE_STRIP = NO;
				DEBUG_INFORMATION_FORMAT = "dwarf-with-dsym";
				DEVELOPMENT_TEAM = UJA88X59XP;
				ENABLE_NS_ASSERTIONS = NO;
				ENABLE_STRICT_OBJC_MSGSEND = YES;
				GCC_C_LANGUAGE_STANDARD = gnu11;
				GCC_NO_COMMON_BLOCKS = YES;
				GCC_WARN_64_TO_32_BIT_CONVERSION = YES;
				GCC_WARN_ABOUT_RETURN_TYPE = YES_ERROR;
				GCC_WARN_UNDECLARED_SELECTOR = YES;
				GCC_WARN_UNINITIALIZED_AUTOS = YES_AGGRESSIVE;
				GCC_WARN_UNUSED_FUNCTION = YES;
				GCC_WARN_UNUSED_VARIABLE = YES;
				INFOPLIST_FILE = Info/AppTemplateMobile.plist;
				IPHONEOS_DEPLOYMENT_TARGET = 12.1;
				LD_RUNPATH_SEARCH_PATHS = (
					"$(inherited)",
					"@executable_path/Frameworks",
				);
				MTL_ENABLE_DEBUG_INFO = NO;
				MTL_FAST_MATH = YES;
				PRODUCT_BUNDLE_IDENTIFIER = khatskevich.maxim.AppTemplateMobile;
				PRODUCT_NAME = AppTemplateAppTemplateMobile;
				PROVISIONING_PROFILE_SPECIFIER = "AppTemplate-AdHoc";
				SDKROOT = iphoneos;
				SWIFT_COMPILATION_MODE = wholemodule;
				SWIFT_OPTIMIZATION_LEVEL = "-O";
				SWIFT_VERSION = 4.2;
				TARGETED_DEVICE_FAMILY = 1;
				VALIDATE_PRODUCT = YES;
			};
			name = Release;
		};
/* End XCBuildConfiguration section */

/* Begin XCConfigurationList section */
		94226EB62281E0FE007E7952 /* Build configuration list for PBXProject "AppTemplate" */ = {
			isa = XCConfigurationList;
			buildConfigurations = (
				94226EB72281E0FE007E7952 /* Debug */,
				94226EB82281E0FE007E7952 /* Release */,
			);
			defaultConfigurationIsVisible = 0;
			defaultConfigurationName = Release;
		};
		94226ECF2281E256007E7952 /* Build configuration list for PBXNativeTarget "AppTemplateMobile" */ = {
			isa = XCConfigurationList;
			buildConfigurations = (
				94226ECD2281E256007E7952 /* Debug */,
				94226ECE2281E256007E7952 /* Release */,
			);
			defaultConfigurationIsVisible = 0;
			defaultConfigurationName = Release;
		};
/* End XCConfigurationList section */
	};
	rootObject = 94226EB32281E0FE007E7952 /* Project object */;
}
